
Microsoft Visual Studio Solution File, Format Version 12.00
# Visual Studio 15
VisualStudioVersion = 15.0.27130.2026
MinimumVisualStudioVersion = 10.0.40219.1
Project("{9A19103F-16F7-4668-BE54-9A1E7A4F7556}") = "Contacts", "Contacts\Contacts.csproj", "{A3ADD42C-D7EF-4FB4-B543-7B1829920701}"
EndProject
Project("{9A19103F-16F7-4668-BE54-9A1E7A4F7556}") = "ContactsContext", "ContactsContext\ContactsContext.csproj", "{A257095F-4AFD-4CAB-B731-7C82C4E1686D}"
EndProject
Project("{FAE04EC0-301F-11D3-BF4B-00C04F79EFBC}") = "Contacts.Tests", "Contacts.Tests\Contacts.Tests.csproj", "{796B0574-077F-46F6-8F9A-E78DF72337AB}"
EndProject
Global
	GlobalSection(SolutionConfigurationPlatforms) = preSolution
		Debug|Any CPU = Debug|Any CPU
		Release|Any CPU = Release|Any CPU
	EndGlobalSection
	GlobalSection(ProjectConfigurationPlatforms) = postSolution
		{A3ADD42C-D7EF-4FB4-B543-7B1829920701}.Debug|Any CPU.ActiveCfg = Debug|Any CPU
		{A3ADD42C-D7EF-4FB4-B543-7B1829920701}.Debug|Any CPU.Build.0 = Debug|Any CPU
		{A3ADD42C-D7EF-4FB4-B543-7B1829920701}.Release|Any CPU.ActiveCfg = Release|Any CPU
		{A3ADD42C-D7EF-4FB4-B543-7B1829920701}.Release|Any CPU.Build.0 = Release|Any CPU
		{A257095F-4AFD-4CAB-B731-7C82C4E1686D}.Debug|Any CPU.ActiveCfg = Debug|Any CPU
		{A257095F-4AFD-4CAB-B731-7C82C4E1686D}.Debug|Any CPU.Build.0 = Debug|Any CPU
		{A257095F-4AFD-4CAB-B731-7C82C4E1686D}.Release|Any CPU.ActiveCfg = Release|Any CPU
		{A257095F-4AFD-4CAB-B731-7C82C4E1686D}.Release|Any CPU.Build.0 = Release|Any CPU
		{796B0574-077F-46F6-8F9A-E78DF72337AB}.Debug|Any CPU.ActiveCfg = Debug|Any CPU
		{796B0574-077F-46F6-8F9A-E78DF72337AB}.Debug|Any CPU.Build.0 = Debug|Any CPU
		{796B0574-077F-46F6-8F9A-E78DF72337AB}.Release|Any CPU.ActiveCfg = Release|Any CPU
		{796B0574-077F-46F6-8F9A-E78DF72337AB}.Release|Any CPU.Build.0 = Release|Any CPU
	EndGlobalSection
	GlobalSection(SolutionProperties) = preSolution
		HideSolutionNode = FALSE
	EndGlobalSection
	GlobalSection(ExtensibilityGlobals) = postSolution
		SolutionGuid = {FE721DDE-AB4F-484A-9120-ED4241A5F513}
	EndGlobalSection
EndGlobal
